// !$*UTF8*$!
{
	archiveVersion = 1;
	classes = {
	};
	objectVersion = 46;
	objects = {

/* Begin PBXBuildFile section */
		CAD9BC5F1C32430E0068C71F /* AppDelegate.swift in Sources */ = {isa = PBXBuildFile; fileRef = CAD9BC5E1C32430E0068C71F /* AppDelegate.swift */; };
		CAD9BC611C32430E0068C71F /* ViewController.swift in Sources */ = {isa = PBXBuildFile; fileRef = CAD9BC601C32430E0068C71F /* ViewController.swift */; };
		CAD9BC641C32430E0068C71F /* Main.storyboard in Resources */ = {isa = PBXBuildFile; fileRef = CAD9BC621C32430E0068C71F /* Main.storyboard */; };
		CAD9BC661C32430F0068C71F /* Assets.xcassets in Resources */ = {isa = PBXBuildFile; fileRef = CAD9BC651C32430F0068C71F /* Assets.xcassets */; };
		CAD9BC691C32430F0068C71F /* LaunchScreen.storyboard in Resources */ = {isa = PBXBuildFile; fileRef = CAD9BC671C32430F0068C71F /* LaunchScreen.storyboard */; };
/* End PBXBuildFile section */

/* Begin PBXFileReference section */
		CAD9BC5B1C32430E0068C71F /* Exercise 01.app */ = {isa = PBXFileReference; explicitFileType = wrapper.application; includeInIndex = 0; path = "Exercise 01.app"; sourceTree = BUILT_PRODUCTS_DIR; };
		CAD9BC5E1C32430E0068C71F /* AppDelegate.swift */ = {isa = PBXFileReference; lastKnownFileType = sourcecode.swift; path = AppDelegate.swift; sourceTree = "<group>"; };
		CAD9BC601C32430E0068C71F /* ViewController.swift */ = {isa = PBXFileReference; lastKnownFileType = sourcecode.swift; path = ViewController.swift; sourceTree = "<group>"; };
		CAD9BC631C32430E0068C71F /* Base */ = {isa = PBXFileReference; lastKnownFileType = file.storyboard; name = Base; path = Base.lproj/Main.storyboard; sourceTree = "<group>"; };
		CAD9BC651C32430F0068C71F /* Assets.xcassets */ = {isa = PBXFileReference; lastKnownFileType = folder.assetcatalog; path = Assets.xcassets; sourceTree = "<group>"; };
		CAD9BC681C32430F0068C71F /* Base */ = {isa = PBXFileReference; lastKnownFileType = file.storyboard; name = Base; path = Base.lproj/LaunchScreen.storyboard; sourceTree = "<group>"; };
		CAD9BC6A1C32430F0068C71F /* Info.plist */ = {isa = PBXFileReference; lastKnownFileType = text.plist.xml; path = Info.plist; sourceTree = "<group>"; };
/* End PBXFileReference section */

/* Begin PBXFrameworksBuildPhase section */
		CAD9BC581C32430E0068C71F /* Frameworks */ = {
			isa = PBXFrameworksBuildPhase;
			buildActionMask = 2147483647;
			files = (
			);
			runOnlyForDeploymentPostprocessing = 0;
		};
/* End PBXFrameworksBuildPhase section */

/* Begin PBXGroup section */
		CAD9BC521C32430E0068C71F = {
			isa = PBXGroup;
			children = (
				CAD9BC5D1C32430E0068C71F /* Exercise 01 */,
				CAD9BC5C1C32430E0068C71F /* Products */,
			);
			sourceTree = "<group>";
		};
		CAD9BC5C1C32430E0068C71F /* Products */ = {
			isa = PBXGroup;
			children = (
				CAD9BC5B1C32430E0068C71F /* Exercise 01.app */,
			);
			name = Products;
			sourceTree = "<group>";
		};
		CAD9BC5D1C32430E0068C71F /* Exercise 01 */ = {
			isa = PBXGroup;
			children = (
				CAD9BC5E1C32430E0068C71F /* AppDelegate.swift */,
				CAD9BC601C32430E0068C71F /* ViewController.swift */,
				CAD9BC621C32430E0068C71F /* Main.storyboard */,
				CAD9BC651C32430F0068C71F /* Assets.xcassets */,
				CAD9BC671C32430F0068C71F /* LaunchScreen.storyboard */,
				CAD9BC6A1C32430F0068C71F /* Info.plist */,
			);
			path = "Exercise 01";
			sourceTree = "<group>";
		};
/* End PBXGroup section */

/* Begin PBXNativeTarget section */
		CAD9BC5A1C32430E0068C71F /* Exercise 01 */ = {
			isa = PBXNativeTarget;
			buildConfigurationList = CAD9BC6D1C32430F0068C71F /* Build configuration list for PBXNativeTarget "Exercise 01" */;
			buildPhases = (
				CAD9BC571C32430E0068C71F /* Sources */,
				CAD9BC581C32430E0068C71F /* Frameworks */,
				CAD9BC591C32430E0068C71F /* Resources */,
			);
			buildRules = (
			);
			dependencies = (
			);
			name = "Exercise 01";
			productName = "Exercise 01";
			productReference = CAD9BC5B1C32430E0068C71F /* Exercise 01.app */;
			productType = "com.apple.product-type.application";
		};
/* End PBXNativeTarget section */

/* Begin PBXProject section */
		CAD9BC531C32430E0068C71F /* Project object */ = {
			isa = PBXProject;
			attributes = {
				LastSwiftUpdateCheck = 0720;
				LastUpgradeCheck = 0720;
				ORGANIZATIONNAME = "Ricardo Zacateco";
				TargetAttributes = {
					CAD9BC5A1C32430E0068C71F = {
						CreatedOnToolsVersion = 7.2;
						DevelopmentTeam = 669D624Y6V;
					};
				};
			};
			buildConfigurationList = CAD9BC561C32430E0068C71F /* Build configuration list for PBXProject "Exercise 01" */;
			compatibilityVersion = "Xcode 3.2";
			developmentRegion = English;
			hasScannedForEncodings = 0;
			knownRegions = (
				en,
				Base,
			);
			mainGroup = CAD9BC521C32430E0068C71F;
			productRefGroup = CAD9BC5C1C32430E0068C71F /* Products */;
			projectDirPath = "";
			projectRoot = "";
			targets = (
				CAD9BC5A1C32430E0068C71F /* Exercise 01 */,
			);
		};
/* End PBXProject section */

/* Begin PBXResourcesBuildPhase section */
		CAD9BC591C32430E0068C71F /* Resources */ = {
			isa = PBXResourcesBuildPhase;
			buildActionMask = 2147483647;
			files = (
				CAD9BC691C32430F0068C71F /* LaunchScreen.storyboard in Resources */,
				CAD9BC661C32430F0068C71F /* Assets.xcassets in Resources */,
				CAD9BC641C32430E0068C71F /* Main.storyboard in Resources */,
			);
			runOnlyForDeploymentPostprocessing = 0;
		};
/* End PBXResourcesBuildPhase section */

/* Begin PBXSourcesBuildPhase section */
		CAD9BC571C32430E0068C71F /* Sources */ = {
			isa = PBXSourcesBuildPhase;
			buildActionMask = 2147483647;
			files = (
				CAD9BC611C32430E0068C71F /* ViewController.swift in Sources */,
				CAD9BC5F1C32430E0068C71F /* AppDelegate.swift in Sources */,
			);
			runOnlyForDeploymentPostprocessing = 0;
		};
/* End PBXSourcesBuildPhase section */

/* Begin PBXVariantGroup section */
		CAD9BC621C32430E0068C71F /* Main.storyboard */ = {
			isa = PBXVariantGroup;
			children = (
				CAD9BC631C32430E0068C71F /* Base */,
			);
			name = Main.storyboard;
			sourceTree = "<group>";
		};
		CAD9BC671C32430F0068C71F /* LaunchScreen.storyboard */ = {
			isa = PBXVariantGroup;
			children = (
				CAD9BC681C32430F0068C71F /* Base */,
			);
			name = LaunchScreen.storyboard;
			sourceTree = "<group>";
		};
/* End PBXVariantGroup section */

/* Begin XCBuildConfiguration section */
		CAD9BC6B1C32430F0068C71F /* Debug */ = {
			isa = XCBuildConfiguration;
			buildSettings = {
				ALWAYS_SEARCH_USER_PATHS = NO;
				CLANG_CXX_LANGUAGE_STANDARD = "gnu++0x";
				CLANG_CXX_LIBRARY = "libc++";
				CLANG_ENABLE_MODULES = YES;
				CLANG_ENABLE_OBJC_ARC = YES;
				CLANG_WARN_BOOL_CONVERSION = YES;
				CLANG_WARN_CONSTANT_CONVERSION = YES;
				CLANG_WARN_DIRECT_OBJC_ISA_USAGE = YES_ERROR;
				CLANG_WARN_EMPTY_BODY = YES;
				CLANG_WARN_ENUM_CONVERSION = YES;
				CLANG_WARN_INT_CONVERSION = YES;
				CLANG_WARN_OBJC_ROOT_CLASS = YES_ERROR;
				CLANG_WARN_UNREACHABLE_CODE = YES;
				CLANG_WARN__DUPLICATE_METHOD_MATCH = YES;
				"CODE_SIGN_IDENTITY[sdk=iphoneos*]" = "iPhone Developer";
				COPY_PHASE_STRIP = NO;
				DEBUG_INFORMATION_FORMAT = dwarf;
				ENABLE_STRICT_OBJC_MSGSEND = YES;
				ENABLE_TESTABILITY = YES;
				GCC_C_LANGUAGE_STANDARD = gnu99;
				GCC_DYNAMIC_NO_PIC = NO;
				GCC_NO_COMMON_BLOCKS = YES;
				GCC_OPTIMIZATION_LEVEL = 0;
				GCC_PREPROCESSOR_DEFINITIONS = (
					"DEBUG=1",
					"$(inherited)",
				);
				GCC_WARN_64_TO_32_BIT_CONVERSION = YES;
				GCC_WARN_ABOUT_RETURN_TYPE = YES_ERROR;
				GCC_WARN_UNDECLARED_SELECTOR = YES;
				GCC_WARN_UNINITIALIZED_AUTOS = YES_AGGRESSIVE;
				GCC_WARN_UNUSED_FUNCTION = YES;
				GCC_WARN_UNUSED_VARIABLE = YES;
				IPHONEOS_DEPLOYMENT_TARGET = 9.2;
				MTL_ENABLE_DEBUG_INFO = YES;
				ONLY_ACTIVE_ARCH = YES;
				SDKROOT = iphoneos;
				SWIFT_OPTIMIZATION_LEVEL = "-Onone";
			};
			name = Debug;
		};
		CAD9BC6C1C32430F0068C71F /* Release */ = {
			isa = XCBuildConfiguration;
			buildSettings = {
				ALWAYS_SEARCH_USER_PATHS = NO;
				CLANG_CXX_LANGUAGE_STANDARD = "gnu++0x";
				CLANG_CXX_LIBRARY = "libc++";
				CLANG_ENABLE_MODULES = YES;
				CLANG_ENABLE_OBJC_ARC = YES;
				CLANG_WARN_BOOL_CONVERSION = YES;
				CLANG_WARN_CONSTANT_CONVERSION = YES;
				CLANG_WARN_DIRECT_OBJC_ISA_USAGE = YES_ERROR;
				CLANG_WARN_EMPTY_BODY = YES;
				CLANG_WARN_ENUM_CONVERSION = YES;
				CLANG_WARN_INT_CONVERSION = YES;
				CLANG_WARN_OBJC_ROOT_CLASS = YES_ERROR;
				CLANG_WARN_UNREACHABLE_CODE = YES;
				CLANG_WARN__DUPLICATE_METHOD_MATCH = YES;
				"CODE_SIGN_IDENTITY[sdk=iphoneos*]" = "iPhone Developer";
				COPY_PHASE_STRIP = NO;
				DEBUG_INFORMATION_FORMAT = "dwarf-with-dsym";
				ENABLE_NS_ASSERTIONS = NO;
				ENABLE_STRICT_OBJC_MSGSEND = YES;
				GCC_C_LANGUAGE_STANDARD = gnu99;
				GCC_NO_COMMON_BLOCKS = YES;
				GCC_WARN_64_TO_32_BIT_CONVERSION = YES;
				GCC_WARN_ABOUT_RETURN_TYPE = YES_ERROR;
				GCC_WARN_UNDECLARED_SELECTOR = YES;
				GCC_WARN_UNINITIALIZED_AUTOS = YES_AGGRESSIVE;
				GCC_WARN_UNUSED_FUNCTION = YES;
				GCC_WARN_UNUSED_VARIABLE = YES;
				IPHONEOS_DEPLOYMENT_TARGET = 9.2;
				MTL_ENABLE_DEBUG_INFO = NO;
				SDKROOT = iphoneos;
				VALIDATE_PRODUCT = YES;
			};
			name = Release;
		};
		CAD9BC6E1C32430F0068C71F /* Debug */ = {
			isa = XCBuildConfiguration;
			buildSettings = {
				ASSETCATALOG_COMPILER_APPICON_NAME = AppIcon;
				INFOPLIST_FILE = "Exercise 01/Info.plist";
				LD_RUNPATH_SEARCH_PATHS = "$(inherited) @executable_path/Frameworks";
				PRODUCT_BUNDLE_IDENTIFIER = "com.rizacateco.Exercise-01";
				PRODUCT_NAME = "$(TARGET_NAME)";
				TARGETED_DEVICE_FAMILY = 1;
			};
			name = Debug;
		};
		CAD9BC6F1C32430F0068C71F /* Release */ = {
			isa = XCBuildConfiguration;
			buildSettings = {
				ASSETCATALOG_COMPILER_APPICON_NAME = AppIcon;
				INFOPLIST_FILE = "Exercise 01/Info.plist";
				LD_RUNPATH_SEARCH_PATHS = "$(inherited) @executable_path/Frameworks";
				PRODUCT_BUNDLE_IDENTIFIER = "com.rizacateco.Exercise-01";
				PRODUCT_NAME = "$(TARGET_NAME)";
				TARGETED_DEVICE_FAMILY = 1;
			};
			name = Release;
		};
/* End XCBuildConfiguration section */

/* Begin XCConfigurationList section */
		CAD9BC561C32430E0068C71F /* Build configuration list for PBXProject "Exercise 01" */ = {
			isa = XCConfigurationList;
			buildConfigurations = (
				CAD9BC6B1C32430F0068C71F /* Debug */,
				CAD9BC6C1C32430F0068C71F /* Release */,
			);
			defaultConfigurationIsVisible = 0;
			defaultConfigurationName = Release;
		};
		CAD9BC6D1C32430F0068C71F /* Build configuration list for PBXNativeTarget "Exercise 01" */ = {
			isa = XCConfigurationList;
			buildConfigurations = (
				CAD9BC6E1C32430F0068C71F /* Debug */,
				CAD9BC6F1C32430F0068C71F /* Release */,
			);
			defaultConfigurationIsVisible = 0;
		};
/* End XCConfigurationList section */
	};
	rootObject = CAD9BC531C32430E0068C71F /* Project object */;
}
